// !$*UTF8*$!
{
	archiveVersion = 1;
	classes = {
	};
	objectVersion = 56;
	objects = {

/* Begin PBXBuildFile section */
		A7099DDC2944FD74009ABD72 /* simpleappApp.swift in Sources */ = {isa = PBXBuildFile; fileRef = A7099DDB2944FD74009ABD72 /* simpleappApp.swift */; };
		A7099DDE2944FD74009ABD72 /* ContentView.swift in Sources */ = {isa = PBXBuildFile; fileRef = A7099DDD2944FD74009ABD72 /* ContentView.swift */; };
		A7099DE02944FD75009ABD72 /* Assets.xcassets in Resources */ = {isa = PBXBuildFile; fileRef = A7099DDF2944FD75009ABD72 /* Assets.xcassets */; };
		A7099DE42944FD75009ABD72 /* Preview Assets.xcassets in Resources */ = {isa = PBXBuildFile; fileRef = A7099DE32944FD75009ABD72 /* Preview Assets.xcassets */; };
		A7099DEE2944FD76009ABD72 /* simpleappTests.swift in Sources */ = {isa = PBXBuildFile; fileRef = A7099DED2944FD76009ABD72 /* simpleappTests.swift */; };
		A7099DF82944FD76009ABD72 /* simpleappUITests.swift in Sources */ = {isa = PBXBuildFile; fileRef = A7099DF72944FD76009ABD72 /* simpleappUITests.swift */; };
		A7099DFA2944FD76009ABD72 /* simpleappUITestsLaunchTests.swift in Sources */ = {isa = PBXBuildFile; fileRef = A7099DF92944FD76009ABD72 /* simpleappUITestsLaunchTests.swift */; };
/* End PBXBuildFile section */

/* Begin PBXContainerItemProxy section */
		A7099DEA2944FD76009ABD72 /* PBXContainerItemProxy */ = {
			isa = PBXContainerItemProxy;
			containerPortal = A7099DD02944FD74009ABD72 /* Project object */;
			proxyType = 1;
			remoteGlobalIDString = A7099DD72944FD74009ABD72;
			remoteInfo = simpleapp;
		};
		A7099DF42944FD76009ABD72 /* PBXContainerItemProxy */ = {
			isa = PBXContainerItemProxy;
			containerPortal = A7099DD02944FD74009ABD72 /* Project object */;
			proxyType = 1;
			remoteGlobalIDString = A7099DD72944FD74009ABD72;
			remoteInfo = simpleapp;
		};
/* End PBXContainerItemProxy section */

/* Begin PBXFileReference section */
		A7099DD82944FD74009ABD72 /* simpleapp.app */ = {isa = PBXFileReference; explicitFileType = wrapper.application; includeInIndex = 0; path = simpleapp.app; sourceTree = BUILT_PRODUCTS_DIR; };
		A7099DDB2944FD74009ABD72 /* simpleappApp.swift */ = {isa = PBXFileReference; lastKnownFileType = sourcecode.swift; path = simpleappApp.swift; sourceTree = "<group>"; };
		A7099DDD2944FD74009ABD72 /* ContentView.swift */ = {isa = PBXFileReference; lastKnownFileType = sourcecode.swift; path = ContentView.swift; sourceTree = "<group>"; };
		A7099DDF2944FD75009ABD72 /* Assets.xcassets */ = {isa = PBXFileReference; lastKnownFileType = folder.assetcatalog; path = Assets.xcassets; sourceTree = "<group>"; };
		A7099DE12944FD75009ABD72 /* simpleapp.entitlements */ = {isa = PBXFileReference; lastKnownFileType = text.plist.entitlements; path = simpleapp.entitlements; sourceTree = "<group>"; };
		A7099DE32944FD75009ABD72 /* Preview Assets.xcassets */ = {isa = PBXFileReference; lastKnownFileType = folder.assetcatalog; path = "Preview Assets.xcassets"; sourceTree = "<group>"; };
		A7099DE92944FD76009ABD72 /* simpleappTests.xctest */ = {isa = PBXFileReference; explicitFileType = wrapper.cfbundle; includeInIndex = 0; path = simpleappTests.xctest; sourceTree = BUILT_PRODUCTS_DIR; };
		A7099DED2944FD76009ABD72 /* simpleappTests.swift */ = {isa = PBXFileReference; lastKnownFileType = sourcecode.swift; path = simpleappTests.swift; sourceTree = "<group>"; };
		A7099DF32944FD76009ABD72 /* simpleappUITests.xctest */ = {isa = PBXFileReference; explicitFileType = wrapper.cfbundle; includeInIndex = 0; path = simpleappUITests.xctest; sourceTree = BUILT_PRODUCTS_DIR; };
		A7099DF72944FD76009ABD72 /* simpleappUITests.swift */ = {isa = PBXFileReference; lastKnownFileType = sourcecode.swift; path = simpleappUITests.swift; sourceTree = "<group>"; };
		A7099DF92944FD76009ABD72 /* simpleappUITestsLaunchTests.swift */ = {isa = PBXFileReference; lastKnownFileType = sourcecode.swift; path = simpleappUITestsLaunchTests.swift; sourceTree = "<group>"; };
/* End PBXFileReference section */

/* Begin PBXFrameworksBuildPhase section */
		A7099DD52944FD74009ABD72 /* Frameworks */ = {
			isa = PBXFrameworksBuildPhase;
			buildActionMask = 2147483647;
			files = (
			);
			runOnlyForDeploymentPostprocessing = 0;
		};
		A7099DE62944FD76009ABD72 /* Frameworks */ = {
			isa = PBXFrameworksBuildPhase;
			buildActionMask = 2147483647;
			files = (
			);
			runOnlyForDeploymentPostprocessing = 0;
		};
		A7099DF02944FD76009ABD72 /* Frameworks */ = {
			isa = PBXFrameworksBuildPhase;
			buildActionMask = 2147483647;
			files = (
			);
			runOnlyForDeploymentPostprocessing = 0;
		};
/* End PBXFrameworksBuildPhase section */

/* Begin PBXGroup section */
		A7099DCF2944FD74009ABD72 = {
			isa = PBXGroup;
			children = (
				A7099DDA2944FD74009ABD72 /* simpleapp */,
				A7099DEC2944FD76009ABD72 /* simpleappTests */,
				A7099DF62944FD76009ABD72 /* simpleappUITests */,
				A7099DD92944FD74009ABD72 /* Products */,
			);
			sourceTree = "<group>";
		};
		A7099DD92944FD74009ABD72 /* Products */ = {
			isa = PBXGroup;
			children = (
				A7099DD82944FD74009ABD72 /* simpleapp.app */,
				A7099DE92944FD76009ABD72 /* simpleappTests.xctest */,
				A7099DF32944FD76009ABD72 /* simpleappUITests.xctest */,
			);
			name = Products;
			sourceTree = "<group>";
		};
		A7099DDA2944FD74009ABD72 /* simpleapp */ = {
			isa = PBXGroup;
			children = (
				A7099DDB2944FD74009ABD72 /* simpleappApp.swift */,
				A7099DDD2944FD74009ABD72 /* ContentView.swift */,
				A7099DDF2944FD75009ABD72 /* Assets.xcassets */,
				A7099DE12944FD75009ABD72 /* simpleapp.entitlements */,
				A7099DE22944FD75009ABD72 /* Preview Content */,
			);
			path = simpleapp;
			sourceTree = "<group>";
		};
		A7099DE22944FD75009ABD72 /* Preview Content */ = {
			isa = PBXGroup;
			children = (
				A7099DE32944FD75009ABD72 /* Preview Assets.xcassets */,
			);
			path = "Preview Content";
			sourceTree = "<group>";
		};
		A7099DEC2944FD76009ABD72 /* simpleappTests */ = {
			isa = PBXGroup;
			children = (
				A7099DED2944FD76009ABD72 /* simpleappTests.swift */,
			);
			path = simpleappTests;
			sourceTree = "<group>";
		};
		A7099DF62944FD76009ABD72 /* simpleappUITests */ = {
			isa = PBXGroup;
			children = (
				A7099DF72944FD76009ABD72 /* simpleappUITests.swift */,
				A7099DF92944FD76009ABD72 /* simpleappUITestsLaunchTests.swift */,
			);
			path = simpleappUITests;
			sourceTree = "<group>";
		};
/* End PBXGroup section */

/* Begin PBXNativeTarget section */
		A7099DD72944FD74009ABD72 /* simpleapp */ = {
			isa = PBXNativeTarget;
			buildConfigurationList = A7099DFD2944FD76009ABD72 /* Build configuration list for PBXNativeTarget "simpleapp" */;
			buildPhases = (
				A7099DD42944FD74009ABD72 /* Sources */,
				A7099DD52944FD74009ABD72 /* Frameworks */,
				A7099DD62944FD74009ABD72 /* Resources */,
			);
			buildRules = (
			);
			dependencies = (
			);
			name = simpleapp;
			productName = simpleapp;
			productReference = A7099DD82944FD74009ABD72 /* simpleapp.app */;
			productType = "com.apple.product-type.application";
		};
		A7099DE82944FD76009ABD72 /* simpleappTests */ = {
			isa = PBXNativeTarget;
			buildConfigurationList = A7099E002944FD76009ABD72 /* Build configuration list for PBXNativeTarget "simpleappTests" */;
			buildPhases = (
				A7099DE52944FD76009ABD72 /* Sources */,
				A7099DE62944FD76009ABD72 /* Frameworks */,
				A7099DE72944FD76009ABD72 /* Resources */,
			);
			buildRules = (
			);
			dependencies = (
				A7099DEB2944FD76009ABD72 /* PBXTargetDependency */,
			);
			name = simpleappTests;
			productName = simpleappTests;
			productReference = A7099DE92944FD76009ABD72 /* simpleappTests.xctest */;
			productType = "com.apple.product-type.bundle.unit-test";
		};
		A7099DF22944FD76009ABD72 /* simpleappUITests */ = {
			isa = PBXNativeTarget;
			buildConfigurationList = A7099E032944FD76009ABD72 /* Build configuration list for PBXNativeTarget "simpleappUITests" */;
			buildPhases = (
				A7099DEF2944FD76009ABD72 /* Sources */,
				A7099DF02944FD76009ABD72 /* Frameworks */,
				A7099DF12944FD76009ABD72 /* Resources */,
			);
			buildRules = (
			);
			dependencies = (
				A7099DF52944FD76009ABD72 /* PBXTargetDependency */,
			);
			name = simpleappUITests;
			productName = simpleappUITests;
			productReference = A7099DF32944FD76009ABD72 /* simpleappUITests.xctest */;
			productType = "com.apple.product-type.bundle.ui-testing";
		};
/* End PBXNativeTarget section */

/* Begin PBXProject section */
		A7099DD02944FD74009ABD72 /* Project object */ = {
			isa = PBXProject;
			attributes = {
				BuildIndependentTargetsInParallel = 1;
				LastSwiftUpdateCheck = 1410;
				LastUpgradeCheck = 1410;
				TargetAttributes = {
					A7099DD72944FD74009ABD72 = {
						CreatedOnToolsVersion = 14.1;
					};
					A7099DE82944FD76009ABD72 = {
						CreatedOnToolsVersion = 14.1;
						TestTargetID = A7099DD72944FD74009ABD72;
					};
					A7099DF22944FD76009ABD72 = {
						CreatedOnToolsVersion = 14.1;
						TestTargetID = A7099DD72944FD74009ABD72;
					};
				};
			};
			buildConfigurationList = A7099DD32944FD74009ABD72 /* Build configuration list for PBXProject "simpleapp" */;
			compatibilityVersion = "Xcode 14.0";
			developmentRegion = en;
			hasScannedForEncodings = 0;
			knownRegions = (
				en,
				Base,
			);
			mainGroup = A7099DCF2944FD74009ABD72;
			productRefGroup = A7099DD92944FD74009ABD72 /* Products */;
			projectDirPath = "";
			projectRoot = "";
			targets = (
				A7099DD72944FD74009ABD72 /* simpleapp */,
				A7099DE82944FD76009ABD72 /* simpleappTests */,
				A7099DF22944FD76009ABD72 /* simpleappUITests */,
			);
		};
/* End PBXProject section */

/* Begin PBXResourcesBuildPhase section */
		A7099DD62944FD74009ABD72 /* Resources */ = {
			isa = PBXResourcesBuildPhase;
			buildActionMask = 2147483647;
			files = (
				A7099DE42944FD75009ABD72 /* Preview Assets.xcassets in Resources */,
				A7099DE02944FD75009ABD72 /* Assets.xcassets in Resources */,
			);
			runOnlyForDeploymentPostprocessing = 0;
		};
		A7099DE72944FD76009ABD72 /* Resources */ = {
			isa = PBXResourcesBuildPhase;
			buildActionMask = 2147483647;
			files = (
			);
			runOnlyForDeploymentPostprocessing = 0;
		};
		A7099DF12944FD76009ABD72 /* Resources */ = {
			isa = PBXResourcesBuildPhase;
			buildActionMask = 2147483647;
			files = (
			);
			runOnlyForDeploymentPostprocessing = 0;
		};
/* End PBXResourcesBuildPhase section */

/* Begin PBXSourcesBuildPhase section */
		A7099DD42944FD74009ABD72 /* Sources */ = {
			isa = PBXSourcesBuildPhase;
			buildActionMask = 2147483647;
			files = (
				A7099DDE2944FD74009ABD72 /* ContentView.swift in Sources */,
				A7099DDC2944FD74009ABD72 /* simpleappApp.swift in Sources */,
			);
			runOnlyForDeploymentPostprocessing = 0;
		};
		A7099DE52944FD76009ABD72 /* Sources */ = {
			isa = PBXSourcesBuildPhase;
			buildActionMask = 2147483647;
			files = (
				A7099DEE2944FD76009ABD72 /* simpleappTests.swift in Sources */,
			);
			runOnlyForDeploymentPostprocessing = 0;
		};
		A7099DEF2944FD76009ABD72 /* Sources */ = {
			isa = PBXSourcesBuildPhase;
			buildActionMask = 2147483647;
			files = (
				A7099DFA2944FD76009ABD72 /* simpleappUITestsLaunchTests.swift in Sources */,
				A7099DF82944FD76009ABD72 /* simpleappUITests.swift in Sources */,
			);
			runOnlyForDeploymentPostprocessing = 0;
		};
/* End PBXSourcesBuildPhase section */

/* Begin PBXTargetDependency section */
		A7099DEB2944FD76009ABD72 /* PBXTargetDependency */ = {
			isa = PBXTargetDependency;
			target = A7099DD72944FD74009ABD72 /* simpleapp */;
			targetProxy = A7099DEA2944FD76009ABD72 /* PBXContainerItemProxy */;
		};
		A7099DF52944FD76009ABD72 /* PBXTargetDependency */ = {
			isa = PBXTargetDependency;
			target = A7099DD72944FD74009ABD72 /* simpleapp */;
			targetProxy = A7099DF42944FD76009ABD72 /* PBXContainerItemProxy */;
		};
/* End PBXTargetDependency section */

/* Begin XCBuildConfiguration section */
		A7099DFB2944FD76009ABD72 /* Debug */ = {
			isa = XCBuildConfiguration;
			buildSettings = {
				ALWAYS_SEARCH_USER_PATHS = NO;
				CLANG_ANALYZER_NONNULL = YES;
				CLANG_ANALYZER_NUMBER_OBJECT_CONVERSION = YES_AGGRESSIVE;
				CLANG_CXX_LANGUAGE_STANDARD = "gnu++20";
				CLANG_ENABLE_MODULES = YES;
				CLANG_ENABLE_OBJC_ARC = YES;
				CLANG_ENABLE_OBJC_WEAK = YES;
				CLANG_WARN_BLOCK_CAPTURE_AUTORELEASING = YES;
				CLANG_WARN_BOOL_CONVERSION = YES;
				CLANG_WARN_COMMA = YES;
				CLANG_WARN_CONSTANT_CONVERSION = YES;
				CLANG_WARN_DEPRECATED_OBJC_IMPLEMENTATIONS = YES;
				CLANG_WARN_DIRECT_OBJC_ISA_USAGE = YES_ERROR;
				CLANG_WARN_DOCUMENTATION_COMMENTS = YES;
				CLANG_WARN_EMPTY_BODY = YES;
				CLANG_WARN_ENUM_CONVERSION = YES;
				CLANG_WARN_INFINITE_RECURSION = YES;
				CLANG_WARN_INT_CONVERSION = YES;
				CLANG_WARN_NON_LITERAL_NULL_CONVERSION = YES;
				CLANG_WARN_OBJC_IMPLICIT_RETAIN_SELF = YES;
				CLANG_WARN_OBJC_LITERAL_CONVERSION = YES;
				CLANG_WARN_OBJC_ROOT_CLASS = YES_ERROR;
				CLANG_WARN_QUOTED_INCLUDE_IN_FRAMEWORK_HEADER = YES;
				CLANG_WARN_RANGE_LOOP_ANALYSIS = YES;
				CLANG_WARN_STRICT_PROTOTYPES = YES;
				CLANG_WARN_SUSPICIOUS_MOVE = YES;
				CLANG_WARN_UNGUARDED_AVAILABILITY = YES_AGGRESSIVE;
				CLANG_WARN_UNREACHABLE_CODE = YES;
				CLANG_WARN__DUPLICATE_METHOD_MATCH = YES;
				COPY_PHASE_STRIP = NO;
				DEBUG_INFORMATION_FORMAT = dwarf;
				ENABLE_STRICT_OBJC_MSGSEND = YES;
				ENABLE_TESTABILITY = YES;
				GCC_C_LANGUAGE_STANDARD = gnu11;
				GCC_DYNAMIC_NO_PIC = NO;
				GCC_NO_COMMON_BLOCKS = YES;
				GCC_OPTIMIZATION_LEVEL = 0;
				GCC_PREPROCESSOR_DEFINITIONS = (
					"DEBUG=1",
					"$(inherited)",
				);
				GCC_WARN_64_TO_32_BIT_CONVERSION = YES;
				GCC_WARN_ABOUT_RETURN_TYPE = YES_ERROR;
				GCC_WARN_UNDECLARED_SELECTOR = YES;
				GCC_WARN_UNINITIALIZED_AUTOS = YES_AGGRESSIVE;
				GCC_WARN_UNUSED_FUNCTION = YES;
				GCC_WARN_UNUSED_VARIABLE = YES;
				MTL_ENABLE_DEBUG_INFO = INCLUDE_SOURCE;
				MTL_FAST_MATH = YES;
				ONLY_ACTIVE_ARCH = YES;
				SWIFT_ACTIVE_COMPILATION_CONDITIONS = DEBUG;
				SWIFT_OPTIMIZATION_LEVEL = "-Onone";
			};
			name = Debug;
		};
		A7099DFC2944FD76009ABD72 /* Release */ = {
			isa = XCBuildConfiguration;
			buildSettings = {
				ALWAYS_SEARCH_USER_PATHS = NO;
				CLANG_ANALYZER_NONNULL = YES;
				CLANG_ANALYZER_NUMBER_OBJECT_CONVERSION = YES_AGGRESSIVE;
				CLANG_CXX_LANGUAGE_STANDARD = "gnu++20";
				CLANG_ENABLE_MODULES = YES;
				CLANG_ENABLE_OBJC_ARC = YES;
				CLANG_ENABLE_OBJC_WEAK = YES;
				CLANG_WARN_BLOCK_CAPTURE_AUTORELEASING = YES;
				CLANG_WARN_BOOL_CONVERSION = YES;
				CLANG_WARN_COMMA = YES;
				CLANG_WARN_CONSTANT_CONVERSION = YES;
				CLANG_WARN_DEPRECATED_OBJC_IMPLEMENTATIONS = YES;
				CLANG_WARN_DIRECT_OBJC_ISA_USAGE = YES_ERROR;
				CLANG_WARN_DOCUMENTATION_COMMENTS = YES;
				CLANG_WARN_EMPTY_BODY = YES;
				CLANG_WARN_ENUM_CONVERSION = YES;
				CLANG_WARN_INFINITE_RECURSION = YES;
				CLANG_WARN_INT_CONVERSION = YES;
				CLANG_WARN_NON_LITERAL_NULL_CONVERSION = YES;
				CLANG_WARN_OBJC_IMPLICIT_RETAIN_SELF = YES;
				CLANG_WARN_OBJC_LITERAL_CONVERSION = YES;
				CLANG_WARN_OBJC_ROOT_CLASS = YES_ERROR;
				CLANG_WARN_QUOTED_INCLUDE_IN_FRAMEWORK_HEADER = YES;
				CLANG_WARN_RANGE_LOOP_ANALYSIS = YES;
				CLANG_WARN_STRICT_PROTOTYPES = YES;
				CLANG_WARN_SUSPICIOUS_MOVE = YES;
				CLANG_WARN_UNGUARDED_AVAILABILITY = YES_AGGRESSIVE;
				CLANG_WARN_UNREACHABLE_CODE = YES;
				CLANG_WARN__DUPLICATE_METHOD_MATCH = YES;
				COPY_PHASE_STRIP = NO;
				DEBUG_INFORMATION_FORMAT = "dwarf-with-dsym";
				ENABLE_NS_ASSERTIONS = NO;
				ENABLE_STRICT_OBJC_MSGSEND = YES;
				GCC_C_LANGUAGE_STANDARD = gnu11;
				GCC_NO_COMMON_BLOCKS = YES;
				GCC_WARN_64_TO_32_BIT_CONVERSION = YES;
				GCC_WARN_ABOUT_RETURN_TYPE = YES_ERROR;
				GCC_WARN_UNDECLARED_SELECTOR = YES;
				GCC_WARN_UNINITIALIZED_AUTOS = YES_AGGRESSIVE;
				GCC_WARN_UNUSED_FUNCTION = YES;
				GCC_WARN_UNUSED_VARIABLE = YES;
				MTL_ENABLE_DEBUG_INFO = NO;
				MTL_FAST_MATH = YES;
				SWIFT_COMPILATION_MODE = wholemodule;
				SWIFT_OPTIMIZATION_LEVEL = "-O";
			};
			name = Release;
		};
		A7099DFE2944FD76009ABD72 /* Debug */ = {
			isa = XCBuildConfiguration;
			buildSettings = {
				ASSETCATALOG_COMPILER_APPICON_NAME = AppIcon;
				ASSETCATALOG_COMPILER_GLOBAL_ACCENT_COLOR_NAME = AccentColor;
				CODE_SIGN_ENTITLEMENTS = simpleapp/simpleapp.entitlements;
				CODE_SIGN_STYLE = Automatic;
				CURRENT_PROJECT_VERSION = 1;
				DEVELOPMENT_ASSET_PATHS = "\"simpleapp/Preview Content\"";
				ENABLE_PREVIEWS = YES;
				GENERATE_INFOPLIST_FILE = YES;
				"INFOPLIST_KEY_UIApplicationSceneManifest_Generation[sdk=iphoneos*]" = YES;
				"INFOPLIST_KEY_UIApplicationSceneManifest_Generation[sdk=iphonesimulator*]" = YES;
				"INFOPLIST_KEY_UIApplicationSupportsIndirectInputEvents[sdk=iphoneos*]" = YES;
				"INFOPLIST_KEY_UIApplicationSupportsIndirectInputEvents[sdk=iphonesimulator*]" = YES;
				"INFOPLIST_KEY_UILaunchScreen_Generation[sdk=iphoneos*]" = YES;
				"INFOPLIST_KEY_UILaunchScreen_Generation[sdk=iphonesimulator*]" = YES;
				"INFOPLIST_KEY_UIStatusBarStyle[sdk=iphoneos*]" = UIStatusBarStyleDefault;
				"INFOPLIST_KEY_UIStatusBarStyle[sdk=iphonesimulator*]" = UIStatusBarStyleDefault;
				INFOPLIST_KEY_UISupportedInterfaceOrientations_iPad = "UIInterfaceOrientationPortrait UIInterfaceOrientationPortraitUpsideDown UIInterfaceOrientationLandscapeLeft UIInterfaceOrientationLandscapeRight";
				INFOPLIST_KEY_UISupportedInterfaceOrientations_iPhone = "UIInterfaceOrientationPortrait UIInterfaceOrientationLandscapeLeft UIInterfaceOrientationLandscapeRight";
				IPHONEOS_DEPLOYMENT_TARGET = 16.1;
				LD_RUNPATH_SEARCH_PATHS = "@executable_path/Frameworks";
				"LD_RUNPATH_SEARCH_PATHS[sdk=macosx*]" = "@executable_path/../Frameworks";
				MACOSX_DEPLOYMENT_TARGET = 13.0;
				MARKETING_VERSION = 1.0;
				PRODUCT_BUNDLE_IDENTIFIER = com.raz.simpleapp;
				PRODUCT_NAME = "$(TARGET_NAME)";
				SDKROOT = auto;
				SUPPORTED_PLATFORMS = "iphoneos iphonesimulator macosx";
				SWIFT_EMIT_LOC_STRINGS = YES;
				SWIFT_VERSION = 5.0;
				TARGETED_DEVICE_FAMILY = "1,2";
			};
			name = Debug;
		};
		A7099DFF2944FD76009ABD72 /* Release */ = {
			isa = XCBuildConfiguration;
			buildSettings = {
				ASSETCATALOG_COMPILER_APPICON_NAME = AppIcon;
				ASSETCATALOG_COMPILER_GLOBAL_ACCENT_COLOR_NAME = AccentColor;
				CODE_SIGN_ENTITLEMENTS = simpleapp/simpleapp.entitlements;
				CODE_SIGN_STYLE = Automatic;
				CURRENT_PROJECT_VERSION = 1;
				DEVELOPMENT_ASSET_PATHS = "\"simpleapp/Preview Content\"";
				ENABLE_PREVIEWS = YES;
				GENERATE_INFOPLIST_FILE = YES;
				"INFOPLIST_KEY_UIApplicationSceneManifest_Generation[sdk=iphoneos*]" = YES;
				"INFOPLIST_KEY_UIApplicationSceneManifest_Generation[sdk=iphonesimulator*]" = YES;
				"INFOPLIST_KEY_UIApplicationSupportsIndirectInputEvents[sdk=iphoneos*]" = YES;
				"INFOPLIST_KEY_UIApplicationSupportsIndirectInputEvents[sdk=iphonesimulator*]" = YES;
				"INFOPLIST_KEY_UILaunchScreen_Generation[sdk=iphoneos*]" = YES;
				"INFOPLIST_KEY_UILaunchScreen_Generation[sdk=iphonesimulator*]" = YES;
				"INFOPLIST_KEY_UIStatusBarStyle[sdk=iphoneos*]" = UIStatusBarStyleDefault;
				"INFOPLIST_KEY_UIStatusBarStyle[sdk=iphonesimulator*]" = UIStatusBarStyleDefault;
				INFOPLIST_KEY_UISupportedInterfaceOrientations_iPad = "UIInterfaceOrientationPortrait UIInterfaceOrientationPortraitUpsideDown UIInterfaceOrientationLandscapeLeft UIInterfaceOrientationLandscapeRight";
				INFOPLIST_KEY_UISupportedInterfaceOrientations_iPhone = "UIInterfaceOrientationPortrait UIInterfaceOrientationLandscapeLeft UIInterfaceOrientationLandscapeRight";
				IPHONEOS_DEPLOYMENT_TARGET = 16.1;
				LD_RUNPATH_SEARCH_PATHS = "@executable_path/Frameworks";
				"LD_RUNPATH_SEARCH_PATHS[sdk=macosx*]" = "@executable_path/../Frameworks";
				MACOSX_DEPLOYMENT_TARGET = 13.0;
				MARKETING_VERSION = 1.0;
				PRODUCT_BUNDLE_IDENTIFIER = com.raz.simpleapp;
				PRODUCT_NAME = "$(TARGET_NAME)";
				SDKROOT = auto;
				SUPPORTED_PLATFORMS = "iphoneos iphonesimulator macosx";
				SWIFT_EMIT_LOC_STRINGS = YES;
				SWIFT_VERSION = 5.0;
				TARGETED_DEVICE_FAMILY = "1,2";
			};
			name = Release;
		};
		A7099E012944FD76009ABD72 /* Debug */ = {
			isa = XCBuildConfiguration;
			buildSettings = {
				ALWAYS_EMBED_SWIFT_STANDARD_LIBRARIES = YES;
				BUNDLE_LOADER = "$(TEST_HOST)";
				CODE_SIGN_STYLE = Automatic;
				CURRENT_PROJECT_VERSION = 1;
				GENERATE_INFOPLIST_FILE = YES;
				IPHONEOS_DEPLOYMENT_TARGET = 16.1;
				MACOSX_DEPLOYMENT_TARGET = 13.0;
				MARKETING_VERSION = 1.0;
				PRODUCT_BUNDLE_IDENTIFIER = com.raz.simpleappTests;
				PRODUCT_NAME = "$(TARGET_NAME)";
				SDKROOT = auto;
				SUPPORTED_PLATFORMS = "iphoneos iphonesimulator macosx";
				SWIFT_EMIT_LOC_STRINGS = NO;
				SWIFT_VERSION = 5.0;
				TARGETED_DEVICE_FAMILY = "1,2";
				TEST_HOST = "$(BUILT_PRODUCTS_DIR)/simpleapp.app/$(BUNDLE_EXECUTABLE_FOLDER_PATH)/simpleapp";
			};
			name = Debug;
		};
		A7099E022944FD76009ABD72 /* Release */ = {
			isa = XCBuildConfiguration;
			buildSettings = {
				ALWAYS_EMBED_SWIFT_STANDARD_LIBRARIES = YES;
				BUNDLE_LOADER = "$(TEST_HOST)";
				CODE_SIGN_STYLE = Automatic;
				CURRENT_PROJECT_VERSION = 1;
				GENERATE_INFOPLIST_FILE = YES;
				IPHONEOS_DEPLOYMENT_TARGET = 16.1;
				MACOSX_DEPLOYMENT_TARGET = 13.0;
				MARKETING_VERSION = 1.0;
				PRODUCT_BUNDLE_IDENTIFIER = com.raz.simpleappTests;
				PRODUCT_NAME = "$(TARGET_NAME)";
				SDKROOT = auto;
				SUPPORTED_PLATFORMS = "iphoneos iphonesimulator macosx";
				SWIFT_EMIT_LOC_STRINGS = NO;
				SWIFT_VERSION = 5.0;
				TARGETED_DEVICE_FAMILY = "1,2";
				TEST_HOST = "$(BUILT_PRODUCTS_DIR)/simpleapp.app/$(BUNDLE_EXECUTABLE_FOLDER_PATH)/simpleapp";
			};
			name = Release;
		};
		A7099E042944FD76009ABD72 /* Debug */ = {
			isa = XCBuildConfiguration;
			buildSettings = {
				ALWAYS_EMBED_SWIFT_STANDARD_LIBRARIES = YES;
				CODE_SIGN_STYLE = Automatic;
				CURRENT_PROJECT_VERSION = 1;
				GENERATE_INFOPLIST_FILE = YES;
				IPHONEOS_DEPLOYMENT_TARGET = 16.1;
				MACOSX_DEPLOYMENT_TARGET = 13.0;
				MARKETING_VERSION = 1.0;
				PRODUCT_BUNDLE_IDENTIFIER = com.raz.simpleappUITests;
				PRODUCT_NAME = "$(TARGET_NAME)";
				SDKROOT = auto;
				SUPPORTED_PLATFORMS = "iphoneos iphonesimulator macosx";
				SWIFT_EMIT_LOC_STRINGS = NO;
				SWIFT_VERSION = 5.0;
				TARGETED_DEVICE_FAMILY = "1,2";
				TEST_TARGET_NAME = simpleapp;
			};
			name = Debug;
		};
		A7099E052944FD76009ABD72 /* Release */ = {
			isa = XCBuildConfiguration;
			buildSettings = {
				ALWAYS_EMBED_SWIFT_STANDARD_LIBRARIES = YES;
				CODE_SIGN_STYLE = Automatic;
				CURRENT_PROJECT_VERSION = 1;
				GENERATE_INFOPLIST_FILE = YES;
				IPHONEOS_DEPLOYMENT_TARGET = 16.1;
				MACOSX_DEPLOYMENT_TARGET = 13.0;
				MARKETING_VERSION = 1.0;
				PRODUCT_BUNDLE_IDENTIFIER = com.raz.simpleappUITests;
				PRODUCT_NAME = "$(TARGET_NAME)";
				SDKROOT = auto;
				SUPPORTED_PLATFORMS = "iphoneos iphonesimulator macosx";
				SWIFT_EMIT_LOC_STRINGS = NO;
				SWIFT_VERSION = 5.0;
				TARGETED_DEVICE_FAMILY = "1,2";
				TEST_TARGET_NAME = simpleapp;
			};
			name = Release;
		};
/* End XCBuildConfiguration section */

/* Begin XCConfigurationList section */
		A7099DD32944FD74009ABD72 /* Build configuration list for PBXProject "simpleapp" */ = {
			isa = XCConfigurationList;
			buildConfigurations = (
				A7099DFB2944FD76009ABD72 /* Debug */,
				A7099DFC2944FD76009ABD72 /* Release */,
			);
			defaultConfigurationIsVisible = 0;
			defaultConfigurationName = Release;
		};
		A7099DFD2944FD76009ABD72 /* Build configuration list for PBXNativeTarget "simpleapp" */ = {
			isa = XCConfigurationList;
			buildConfigurations = (
				A7099DFE2944FD76009ABD72 /* Debug */,
				A7099DFF2944FD76009ABD72 /* Release */,
			);
			defaultConfigurationIsVisible = 0;
			defaultConfigurationName = Release;
		};
		A7099E002944FD76009ABD72 /* Build configuration list for PBXNativeTarget "simpleappTests" */ = {
			isa = XCConfigurationList;
			buildConfigurations = (
				A7099E012944FD76009ABD72 /* Debug */,
				A7099E022944FD76009ABD72 /* Release */,
			);
			defaultConfigurationIsVisible = 0;
			defaultConfigurationName = Release;
		};
		A7099E032944FD76009ABD72 /* Build configuration list for PBXNativeTarget "simpleappUITests" */ = {
			isa = XCConfigurationList;
			buildConfigurations = (
				A7099E042944FD76009ABD72 /* Debug */,
				A7099E052944FD76009ABD72 /* Release */,
			);
			defaultConfigurationIsVisible = 0;
			defaultConfigurationName = Release;
		};
/* End XCConfigurationList section */
	};
	rootObject = A7099DD02944FD74009ABD72 /* Project object */;
}
